
Microsoft Visual Studio Solution File, Format Version 12.00
# Visual Studio Version 17
VisualStudioVersion = 17.12.35527.113 d17.12
MinimumVisualStudioVersion = 10.0.40219.1
Project("{FAE04EC0-301F-11D3-BF4B-00C04F79EFBC}") = "api_part_project", "api_part_project.csproj", "{5F6FE878-5368-4198-8D9C-07F2A821B667}"
EndProject
Global
	GlobalSection(SolutionConfigurationPlatforms) = preSolution
		Debug|Any CPU = Debug|Any CPU
		Release|Any CPU = Release|Any CPU
	EndGlobalSection
	GlobalSection(ProjectConfigurationPlatforms) = postSolution
		{5F6FE878-5368-4198-8D9C-07F2A821B667}.Debug|Any CPU.ActiveCfg = Debug|Any CPU
		{5F6FE878-5368-4198-8D9C-07F2A821B667}.Debug|Any CPU.Build.0 = Debug|Any CPU
		{5F6FE878-5368-4198-8D9C-07F2A821B667}.Release|Any CPU.ActiveCfg = Release|Any CPU
		{5F6FE878-5368-4198-8D9C-07F2A821B667}.Release|Any CPU.Build.0 = Release|Any CPU
	EndGlobalSection
	GlobalSection(SolutionProperties) = preSolution
		HideSolutionNode = FALSE
	EndGlobalSection
EndGlobal
